
Microsoft Visual Studio Solution File, Format Version 12.00
# Visual Studio Version 17
VisualStudioVersion = 17.9.34607.119
MinimumVisualStudioVersion = 10.0.40219.1
Project("{FAE04EC0-301F-11D3-BF4B-00C04F79EFBC}") = "book_array_task", "book_array_task\book_array_task.csproj", "{693427ED-7359-42C0-993E-3E519071A4AF}"
EndProject
Global
	GlobalSection(SolutionConfigurationPlatforms) = preSolution
		Debug|Any CPU = Debug|Any CPU
		Release|Any CPU = Release|Any CPU
	EndGlobalSection
	GlobalSection(ProjectConfigurationPlatforms) = postSolution
		{693427ED-7359-42C0-993E-3E519071A4AF}.Debug|Any CPU.ActiveCfg = Debug|Any CPU
		{693427ED-7359-42C0-993E-3E519071A4AF}.Debug|Any CPU.Build.0 = Debug|Any CPU
		{693427ED-7359-42C0-993E-3E519071A4AF}.Release|Any CPU.ActiveCfg = Release|Any CPU
		{693427ED-7359-42C0-993E-3E519071A4AF}.Release|Any CPU.Build.0 = Release|Any CPU
	EndGlobalSection
	GlobalSection(SolutionProperties) = preSolution
		HideSolutionNode = FALSE
	EndGlobalSection
	GlobalSection(ExtensibilityGlobals) = postSolution
		SolutionGuid = {E31E8554-55B5-4982-975F-AF5C7654F463}
	EndGlobalSection
EndGlobal
